
Microsoft Visual Studio Solution File, Format Version 12.00
# Visual Studio 15
VisualStudioVersion = 15.0.28010.2041
MinimumVisualStudioVersion = 10.0.40219.1
Project("{FAE04EC0-301F-11D3-BF4B-00C04F79EFBC}") = "Pico y Placa Predictor", "Pico y Placa Predictor\Pico y Placa Predictor.csproj", "{FC30AABD-81B7-4EE1-B22D-8C23472BAA22}"
EndProject
Project("{FAE04EC0-301F-11D3-BF4B-00C04F79EFBC}") = "Pico y Placa PredictorTests", "Pico y Placa PredictorTests\Pico y Placa PredictorTests.csproj", "{253562AE-43A4-44D6-B9F4-1CD6158A8E3D}"
EndProject
Global
	GlobalSection(SolutionConfigurationPlatforms) = preSolution
		Debug|Any CPU = Debug|Any CPU
		Release|Any CPU = Release|Any CPU
	EndGlobalSection
	GlobalSection(ProjectConfigurationPlatforms) = postSolution
		{FC30AABD-81B7-4EE1-B22D-8C23472BAA22}.Debug|Any CPU.ActiveCfg = Debug|Any CPU
		{FC30AABD-81B7-4EE1-B22D-8C23472BAA22}.Debug|Any CPU.Build.0 = Debug|Any CPU
		{FC30AABD-81B7-4EE1-B22D-8C23472BAA22}.Release|Any CPU.ActiveCfg = Release|Any CPU
		{FC30AABD-81B7-4EE1-B22D-8C23472BAA22}.Release|Any CPU.Build.0 = Release|Any CPU
		{253562AE-43A4-44D6-B9F4-1CD6158A8E3D}.Debug|Any CPU.ActiveCfg = Debug|Any CPU
		{253562AE-43A4-44D6-B9F4-1CD6158A8E3D}.Debug|Any CPU.Build.0 = Debug|Any CPU
		{253562AE-43A4-44D6-B9F4-1CD6158A8E3D}.Release|Any CPU.ActiveCfg = Release|Any CPU
		{253562AE-43A4-44D6-B9F4-1CD6158A8E3D}.Release|Any CPU.Build.0 = Release|Any CPU
	EndGlobalSection
	GlobalSection(SolutionProperties) = preSolution
		HideSolutionNode = FALSE
	EndGlobalSection
	GlobalSection(ExtensibilityGlobals) = postSolution
		SolutionGuid = {F20D88D7-EE1E-4386-B5BE-4722F1968B36}
	EndGlobalSection
EndGlobal
